
Microsoft Visual Studio Solution File, Format Version 12.00
# Visual Studio 15
VisualStudioVersion = 15.0.28010.2041
MinimumVisualStudioVersion = 10.0.40219.1
Project("{FAE04EC0-301F-11D3-BF4B-00C04F79EFBC}") = "DataLibrary", "DataLibrary\DataLibrary.csproj", "{A1C26E85-2E6D-4136-8D1C-A44541084839}"
EndProject
Project("{FAE04EC0-301F-11D3-BF4B-00C04F79EFBC}") = "Example", "Example\Example.csproj", "{1541805A-9E11-4242-AD1C-A71C9D1EEF4A}"
EndProject
Project("{2150E333-8FDC-42A3-9474-1A3956D46DE8}") = "Solution Items", "Solution Items", "{A028736B-FAF3-48D5-A435-E8ABA6E86850}"
	ProjectSection(SolutionItems) = preProject
		Readme.md = Readme.md
	EndProjectSection
EndProject
Global
	GlobalSection(SolutionConfigurationPlatforms) = preSolution
		Debug|Any CPU = Debug|Any CPU
		Release|Any CPU = Release|Any CPU
	EndGlobalSection
	GlobalSection(ProjectConfigurationPlatforms) = postSolution
		{A1C26E85-2E6D-4136-8D1C-A44541084839}.Debug|Any CPU.ActiveCfg = Debug|Any CPU
		{A1C26E85-2E6D-4136-8D1C-A44541084839}.Debug|Any CPU.Build.0 = Debug|Any CPU
		{A1C26E85-2E6D-4136-8D1C-A44541084839}.Release|Any CPU.ActiveCfg = Release|Any CPU
		{A1C26E85-2E6D-4136-8D1C-A44541084839}.Release|Any CPU.Build.0 = Release|Any CPU
		{1541805A-9E11-4242-AD1C-A71C9D1EEF4A}.Debug|Any CPU.ActiveCfg = Debug|Any CPU
		{1541805A-9E11-4242-AD1C-A71C9D1EEF4A}.Debug|Any CPU.Build.0 = Debug|Any CPU
		{1541805A-9E11-4242-AD1C-A71C9D1EEF4A}.Release|Any CPU.ActiveCfg = Release|Any CPU
		{1541805A-9E11-4242-AD1C-A71C9D1EEF4A}.Release|Any CPU.Build.0 = Release|Any CPU
	EndGlobalSection
	GlobalSection(SolutionProperties) = preSolution
		HideSolutionNode = FALSE
	EndGlobalSection
	GlobalSection(ExtensibilityGlobals) = postSolution
		SolutionGuid = {2AB826ED-5D72-48B0-8673-56A0C970623C}
	EndGlobalSection
EndGlobal
